
Microsoft Visual Studio Solution File, Format Version 12.00
# Visual Studio Version 17
VisualStudioVersion = 17.6.33815.320
MinimumVisualStudioVersion = 10.0.40219.1
Project("{FAE04EC0-301F-11D3-BF4B-00C04F79EFBC}") = "library-management-app", "library-management-app\library-management-app.csproj", "{4999C072-F6CF-45CA-8332-8C1DB63D66BC}"
EndProject
Global
	GlobalSection(SolutionConfigurationPlatforms) = preSolution
		Debug|Any CPU = Debug|Any CPU
		Release|Any CPU = Release|Any CPU
	EndGlobalSection
	GlobalSection(ProjectConfigurationPlatforms) = postSolution
		{4999C072-F6CF-45CA-8332-8C1DB63D66BC}.Debug|Any CPU.ActiveCfg = Debug|Any CPU
		{4999C072-F6CF-45CA-8332-8C1DB63D66BC}.Debug|Any CPU.Build.0 = Debug|Any CPU
		{4999C072-F6CF-45CA-8332-8C1DB63D66BC}.Release|Any CPU.ActiveCfg = Release|Any CPU
		{4999C072-F6CF-45CA-8332-8C1DB63D66BC}.Release|Any CPU.Build.0 = Release|Any CPU
	EndGlobalSection
	GlobalSection(SolutionProperties) = preSolution
		HideSolutionNode = FALSE
	EndGlobalSection
	GlobalSection(ExtensibilityGlobals) = postSolution
		SolutionGuid = {F609F7DA-0C82-484D-9FB8-DEC7B4BA5362}
	EndGlobalSection
EndGlobal
